
Microsoft Visual Studio Solution File, Format Version 12.00
# Visual Studio Version 17
VisualStudioVersion = 17.14.36203.30
MinimumVisualStudioVersion = 10.0.40219.1
Project("{FAE04EC0-301F-11D3-BF4B-00C04F79EFBC}") = "FormsApp", "FormsApp.csproj", "{0549CFB7-9C79-4C81-84EF-9C960843AE3A}"
EndProject
Global
	GlobalSection(SolutionConfigurationPlatforms) = preSolution
		Debug|Any CPU = Debug|Any CPU
		Release|Any CPU = Release|Any CPU
	EndGlobalSection
	GlobalSection(ProjectConfigurationPlatforms) = postSolution
		{0549CFB7-9C79-4C81-84EF-9C960843AE3A}.Debug|Any CPU.ActiveCfg = Debug|Any CPU
		{0549CFB7-9C79-4C81-84EF-9C960843AE3A}.Debug|Any CPU.Build.0 = Debug|Any CPU
		{0549CFB7-9C79-4C81-84EF-9C960843AE3A}.Release|Any CPU.ActiveCfg = Release|Any CPU
		{0549CFB7-9C79-4C81-84EF-9C960843AE3A}.Release|Any CPU.Build.0 = Release|Any CPU
	EndGlobalSection
	GlobalSection(SolutionProperties) = preSolution
		HideSolutionNode = FALSE
	EndGlobalSection
	GlobalSection(ExtensibilityGlobals) = postSolution
		SolutionGuid = {E1C02A99-8AD3-427C-8595-A8C1A8746388}
	EndGlobalSection
EndGlobal
